PODS:
  - MGSwiftCandy/Core (1.1.0)
  - MGSwiftCandy/Extension (1.1.0):
    - MGSwiftCandy/Core
  - MGSwiftCandy/Tools (1.1.0):
    - MGSwiftCandy/Extension
  - SnapKit (4.2.0)

DEPENDENCIES:
  - MGSwiftCandy/Tools (from `../`)
  - SnapKit

SPEC REPOS:
  trunk:
    - SnapKit

EXTERNAL SOURCES:
  MGSwiftCandy:
    :path: "../"

SPEC CHECKSUMS:
  MGSwiftCandy: 97c611ec649e0f8b76ea38ea6550d28f51d0fcb7
  SnapKit: fe8a619752f3f27075cc9a90244d75c6c3f27e2a

PODFILE CHECKSUM: b3fd4e187814cf3102283d64f3894348771f6cc2

COCOAPODS: 1.10.1
