PODS:
  - MGSwiftCandy (1.1.0):
    - MGSwiftCandy/Core (= 1.1.0)
    - MGSwiftCandy/Extension (= 1.1.0)
    - MGSwiftCandy/Tools (= 1.1.0)
  - MGSwiftCandy/Core (1.1.0)
  - MGSwiftCandy/Extension (1.1.0):
    - MGSwiftCandy/Extension/CoreGraphics (= 1.1.0)
    - MGSwiftCandy/Extension/Foundation (= 1.1.0)
    - MGSwiftCandy/Extension/Swift (= 1.1.0)
    - MGSwiftCandy/Extension/UIKit (= 1.1.0)
  - MGSwiftCandy/Extension/CoreGraphics (1.1.0):
    - MGSwiftCandy/Core
  - MGSwiftCandy/Extension/Foundation (1.1.0):
    - MGSwiftCandy/Core
  - MGSwiftCandy/Extension/Swift (1.1.0):
    - MGSwiftCandy/Core
  - MGSwiftCandy/Extension/UIKit (1.1.0):
    - MGSwiftCandy/Extension/Swift
  - MGSwiftCandy/Tools (1.1.0):
    - MGSwiftCandy/Tools/Eventer (= 1.1.0)
    - MGSwiftCandy/Tools/keychain (= 1.1.0)
    - MGSwiftCandy/Tools/MockData (= 1.1.0)
    - MGSwiftCandy/Tools/Printer (= 1.1.0)
    - MGSwiftCandy/Tools/Tools (= 1.1.0)
    - MGSwiftCandy/Tools/UserDefaults (= 1.1.0)
  - MGSwiftCandy/Tools/Eventer (1.1.0):
    - MGSwiftCandy/Core
  - MGSwiftCandy/Tools/keychain (1.1.0):
    - MGSwiftCandy/Core
  - MGSwiftCandy/Tools/MockData (1.1.0)
  - MGSwiftCandy/Tools/Printer (1.1.0):
    - MGSwiftCandy/Tools/Tools
  - MGSwiftCandy/Tools/Tools (1.1.0):
    - MGSwiftCandy/Core
  - MGSwiftCandy/Tools/UserDefaults (1.1.0):
    - MGSwiftCandy/Core
  - SnapKit (4.2.0)

DEPENDENCIES:
  - MGSwiftCandy (from `../`)
  - SnapKit

SPEC REPOS:
  trunk:
    - SnapKit

EXTERNAL SOURCES:
  MGSwiftCandy:
    :path: "../"

SPEC CHECKSUMS:
  MGSwiftCandy: dedcee66dfa82d38d83f52965465bd9da6818b14
  SnapKit: fe8a619752f3f27075cc9a90244d75c6c3f27e2a

PODFILE CHECKSUM: be0d069ee4ebde89c13ae3276fe102eafad3c673

COCOAPODS: 1.10.1
